
Microsoft Visual Studio Solution File, Format Version 12.00
# Visual Studio 14
VisualStudioVersion = 14.0.25420.1
MinimumVisualStudioVersion = 10.0.40219.1
Project("{FAE04EC0-301F-11D3-BF4B-00C04F79EFBC}") = "Lesson_1", "Lesson_1\Lesson_1.csproj", "{EC294A16-C75A-4C76-BD4D-52B524051CEF}"
EndProject
Project("{FAE04EC0-301F-11D3-BF4B-00C04F79EFBC}") = "Lesson_2", "Lesson_2\Lesson_2.csproj", "{B2001124-5356-4219-946C-343C5E21602B}"
EndProject
Project("{FAE04EC0-301F-11D3-BF4B-00C04F79EFBC}") = "Lesson_3", "Lesson_3\Lesson_3.csproj", "{95621BC5-A82A-43FB-AF58-0B00E40BF806}"
EndProject
Global
	GlobalSection(SolutionConfigurationPlatforms) = preSolution
		Debug|Any CPU = Debug|Any CPU
		Release|Any CPU = Release|Any CPU
	EndGlobalSection
	GlobalSection(ProjectConfigurationPlatforms) = postSolution
		{EC294A16-C75A-4C76-BD4D-52B524051CEF}.Debug|Any CPU.ActiveCfg = Debug|Any CPU
		{EC294A16-C75A-4C76-BD4D-52B524051CEF}.Debug|Any CPU.Build.0 = Debug|Any CPU
		{EC294A16-C75A-4C76-BD4D-52B524051CEF}.Release|Any CPU.ActiveCfg = Release|Any CPU
		{EC294A16-C75A-4C76-BD4D-52B524051CEF}.Release|Any CPU.Build.0 = Release|Any CPU
		{B2001124-5356-4219-946C-343C5E21602B}.Debug|Any CPU.ActiveCfg = Debug|Any CPU
		{B2001124-5356-4219-946C-343C5E21602B}.Debug|Any CPU.Build.0 = Debug|Any CPU
		{B2001124-5356-4219-946C-343C5E21602B}.Release|Any CPU.ActiveCfg = Release|Any CPU
		{B2001124-5356-4219-946C-343C5E21602B}.Release|Any CPU.Build.0 = Release|Any CPU
		{95621BC5-A82A-43FB-AF58-0B00E40BF806}.Debug|Any CPU.ActiveCfg = Debug|Any CPU
		{95621BC5-A82A-43FB-AF58-0B00E40BF806}.Debug|Any CPU.Build.0 = Debug|Any CPU
		{95621BC5-A82A-43FB-AF58-0B00E40BF806}.Release|Any CPU.ActiveCfg = Release|Any CPU
		{95621BC5-A82A-43FB-AF58-0B00E40BF806}.Release|Any CPU.Build.0 = Release|Any CPU
	EndGlobalSection
	GlobalSection(SolutionProperties) = preSolution
		HideSolutionNode = FALSE
	EndGlobalSection
EndGlobal
