
Microsoft Visual Studio Solution File, Format Version 12.00
# Visual Studio 14
VisualStudioVersion = 14.0.25420.1
MinimumVisualStudioVersion = 10.0.40219.1
Project("{FAE04EC0-301F-11D3-BF4B-00C04F79EFBC}") = "Lesson_1", "Lesson_1\Lesson_1.csproj", "{EC294A16-C75A-4C76-BD4D-52B524051CEF}"
EndProject
Project("{FAE04EC0-301F-11D3-BF4B-00C04F79EFBC}") = "Lesson_2", "Lesson_2\Lesson_2.csproj", "{B2001124-5356-4219-946C-343C5E21602B}"
EndProject
Project("{FAE04EC0-301F-11D3-BF4B-00C04F79EFBC}") = "Lesson_3", "Lesson_3\Lesson_3.csproj", "{95621BC5-A82A-43FB-AF58-0B00E40BF806}"
EndProject
Project("{FAE04EC0-301F-11D3-BF4B-00C04F79EFBC}") = "Lesson_4", "Lesson_4\Lesson_4.csproj", "{F6D84276-0548-4418-8D4C-9EF7360C28B7}"
EndProject
Project("{FAE04EC0-301F-11D3-BF4B-00C04F79EFBC}") = "Lesson_5", "Lesson_5\Lesson_5.csproj", "{C293A449-D227-4529-9C80-F0A97BAF331B}"
EndProject
Project("{FAE04EC0-301F-11D3-BF4B-00C04F79EFBC}") = "Lesson_6", "Lesson_6\Lesson_6.csproj", "{11B555BE-4B06-4426-AFC6-3C51616128EA}"
EndProject
Project("{FAE04EC0-301F-11D3-BF4B-00C04F79EFBC}") = "Lesson_7", "Lesson_7\Lesson_7.csproj", "{06AB1D56-C72A-4E53-AF6B-1F17E39C9463}"
EndProject
Project("{FAE04EC0-301F-11D3-BF4B-00C04F79EFBC}") = "Lesson_8", "Lesson_8\Lesson_8.csproj", "{99CA581D-3315-475C-83B1-1EA33148597D}"
EndProject
Project("{FAE04EC0-301F-11D3-BF4B-00C04F79EFBC}") = "Lesson_12", "Lesson_12\Lesson_12.csproj", "{3D59F9E0-4F2A-4EE9-8EB2-05CB7E543F4B}"
EndProject
Project("{FAE04EC0-301F-11D3-BF4B-00C04F79EFBC}") = "Lesson_13", "Lesson_13\Lesson_13.csproj", "{7B066489-1C50-45E2-9117-18F4BABBF70B}"
EndProject
Project("{FAE04EC0-301F-11D3-BF4B-00C04F79EFBC}") = "Lesson_9", "Lesson_9\Lesson_9.csproj", "{B642C4D5-845B-403C-85AF-F33463C7A570}"
EndProject
Project("{FAE04EC0-301F-11D3-BF4B-00C04F79EFBC}") = "Lesson_10", "Lesson_10\Lesson_10.csproj", "{2A052E11-C1D8-44E8-A6AF-31BDCB441A33}"
EndProject
Global
	GlobalSection(SolutionConfigurationPlatforms) = preSolution
		Debug|Any CPU = Debug|Any CPU
		Release|Any CPU = Release|Any CPU
	EndGlobalSection
	GlobalSection(ProjectConfigurationPlatforms) = postSolution
		{EC294A16-C75A-4C76-BD4D-52B524051CEF}.Debug|Any CPU.ActiveCfg = Debug|Any CPU
		{EC294A16-C75A-4C76-BD4D-52B524051CEF}.Debug|Any CPU.Build.0 = Debug|Any CPU
		{EC294A16-C75A-4C76-BD4D-52B524051CEF}.Release|Any CPU.ActiveCfg = Release|Any CPU
		{EC294A16-C75A-4C76-BD4D-52B524051CEF}.Release|Any CPU.Build.0 = Release|Any CPU
		{B2001124-5356-4219-946C-343C5E21602B}.Debug|Any CPU.ActiveCfg = Debug|Any CPU
		{B2001124-5356-4219-946C-343C5E21602B}.Debug|Any CPU.Build.0 = Debug|Any CPU
		{B2001124-5356-4219-946C-343C5E21602B}.Release|Any CPU.ActiveCfg = Release|Any CPU
		{B2001124-5356-4219-946C-343C5E21602B}.Release|Any CPU.Build.0 = Release|Any CPU
		{95621BC5-A82A-43FB-AF58-0B00E40BF806}.Debug|Any CPU.ActiveCfg = Debug|Any CPU
		{95621BC5-A82A-43FB-AF58-0B00E40BF806}.Debug|Any CPU.Build.0 = Debug|Any CPU
		{95621BC5-A82A-43FB-AF58-0B00E40BF806}.Release|Any CPU.ActiveCfg = Release|Any CPU
		{95621BC5-A82A-43FB-AF58-0B00E40BF806}.Release|Any CPU.Build.0 = Release|Any CPU
		{F6D84276-0548-4418-8D4C-9EF7360C28B7}.Debug|Any CPU.ActiveCfg = Debug|Any CPU
		{F6D84276-0548-4418-8D4C-9EF7360C28B7}.Debug|Any CPU.Build.0 = Debug|Any CPU
		{F6D84276-0548-4418-8D4C-9EF7360C28B7}.Release|Any CPU.ActiveCfg = Release|Any CPU
		{F6D84276-0548-4418-8D4C-9EF7360C28B7}.Release|Any CPU.Build.0 = Release|Any CPU
		{C293A449-D227-4529-9C80-F0A97BAF331B}.Debug|Any CPU.ActiveCfg = Debug|Any CPU
		{C293A449-D227-4529-9C80-F0A97BAF331B}.Debug|Any CPU.Build.0 = Debug|Any CPU
		{C293A449-D227-4529-9C80-F0A97BAF331B}.Release|Any CPU.ActiveCfg = Release|Any CPU
		{C293A449-D227-4529-9C80-F0A97BAF331B}.Release|Any CPU.Build.0 = Release|Any CPU
		{11B555BE-4B06-4426-AFC6-3C51616128EA}.Debug|Any CPU.ActiveCfg = Debug|Any CPU
		{11B555BE-4B06-4426-AFC6-3C51616128EA}.Debug|Any CPU.Build.0 = Debug|Any CPU
		{11B555BE-4B06-4426-AFC6-3C51616128EA}.Release|Any CPU.ActiveCfg = Release|Any CPU
		{11B555BE-4B06-4426-AFC6-3C51616128EA}.Release|Any CPU.Build.0 = Release|Any CPU
		{06AB1D56-C72A-4E53-AF6B-1F17E39C9463}.Debug|Any CPU.ActiveCfg = Debug|Any CPU
		{06AB1D56-C72A-4E53-AF6B-1F17E39C9463}.Debug|Any CPU.Build.0 = Debug|Any CPU
		{06AB1D56-C72A-4E53-AF6B-1F17E39C9463}.Release|Any CPU.ActiveCfg = Release|Any CPU
		{06AB1D56-C72A-4E53-AF6B-1F17E39C9463}.Release|Any CPU.Build.0 = Release|Any CPU
		{99CA581D-3315-475C-83B1-1EA33148597D}.Debug|Any CPU.ActiveCfg = Debug|Any CPU
		{99CA581D-3315-475C-83B1-1EA33148597D}.Debug|Any CPU.Build.0 = Debug|Any CPU
		{99CA581D-3315-475C-83B1-1EA33148597D}.Release|Any CPU.ActiveCfg = Release|Any CPU
		{99CA581D-3315-475C-83B1-1EA33148597D}.Release|Any CPU.Build.0 = Release|Any CPU
		{3D59F9E0-4F2A-4EE9-8EB2-05CB7E543F4B}.Debug|Any CPU.ActiveCfg = Debug|Any CPU
		{3D59F9E0-4F2A-4EE9-8EB2-05CB7E543F4B}.Debug|Any CPU.Build.0 = Debug|Any CPU
		{3D59F9E0-4F2A-4EE9-8EB2-05CB7E543F4B}.Release|Any CPU.ActiveCfg = Release|Any CPU
		{3D59F9E0-4F2A-4EE9-8EB2-05CB7E543F4B}.Release|Any CPU.Build.0 = Release|Any CPU
		{7B066489-1C50-45E2-9117-18F4BABBF70B}.Debug|Any CPU.ActiveCfg = Debug|Any CPU
		{7B066489-1C50-45E2-9117-18F4BABBF70B}.Debug|Any CPU.Build.0 = Debug|Any CPU
		{7B066489-1C50-45E2-9117-18F4BABBF70B}.Release|Any CPU.ActiveCfg = Release|Any CPU
		{7B066489-1C50-45E2-9117-18F4BABBF70B}.Release|Any CPU.Build.0 = Release|Any CPU
		{B642C4D5-845B-403C-85AF-F33463C7A570}.Debug|Any CPU.ActiveCfg = Debug|Any CPU
		{B642C4D5-845B-403C-85AF-F33463C7A570}.Debug|Any CPU.Build.0 = Debug|Any CPU
		{B642C4D5-845B-403C-85AF-F33463C7A570}.Release|Any CPU.ActiveCfg = Release|Any CPU
		{B642C4D5-845B-403C-85AF-F33463C7A570}.Release|Any CPU.Build.0 = Release|Any CPU
		{2A052E11-C1D8-44E8-A6AF-31BDCB441A33}.Debug|Any CPU.ActiveCfg = Debug|Any CPU
		{2A052E11-C1D8-44E8-A6AF-31BDCB441A33}.Debug|Any CPU.Build.0 = Debug|Any CPU
		{2A052E11-C1D8-44E8-A6AF-31BDCB441A33}.Release|Any CPU.ActiveCfg = Release|Any CPU
		{2A052E11-C1D8-44E8-A6AF-31BDCB441A33}.Release|Any CPU.Build.0 = Release|Any CPU
	EndGlobalSection
	GlobalSection(SolutionProperties) = preSolution
		HideSolutionNode = FALSE
	EndGlobalSection
EndGlobal
